
Microsoft Visual Studio Solution File, Format Version 12.00
# Visual Studio Version 16
VisualStudioVersion = 16.0.29306.81
MinimumVisualStudioVersion = 10.0.40219.1
Project("{FAE04EC0-301F-11D3-BF4B-00C04F79EFBC}") = "GreenlabDatabaseAndLogin", "GreenlabDatabaseAndLogin\GreenlabDatabaseAndLogin.csproj", "{1274D77D-3A19-424E-B56D-48020146887A}"
EndProject
Global
	GlobalSection(SolutionConfigurationPlatforms) = preSolution
		Debug|Any CPU = Debug|Any CPU
		Release|Any CPU = Release|Any CPU
	EndGlobalSection
	GlobalSection(ProjectConfigurationPlatforms) = postSolution
		{1274D77D-3A19-424E-B56D-48020146887A}.Debug|Any CPU.ActiveCfg = Debug|Any CPU
		{1274D77D-3A19-424E-B56D-48020146887A}.Debug|Any CPU.Build.0 = Debug|Any CPU
		{1274D77D-3A19-424E-B56D-48020146887A}.Release|Any CPU.ActiveCfg = Release|Any CPU
		{1274D77D-3A19-424E-B56D-48020146887A}.Release|Any CPU.Build.0 = Release|Any CPU
	EndGlobalSection
	GlobalSection(SolutionProperties) = preSolution
		HideSolutionNode = FALSE
	EndGlobalSection
	GlobalSection(ExtensibilityGlobals) = postSolution
		SolutionGuid = {B9281B7F-0678-41DC-9BCA-F46C336DF81F}
	EndGlobalSection
EndGlobal
